
Microsoft Visual Studio Solution File, Format Version 12.00
# Visual Studio Version 16
VisualStudioVersion = 16.0.31313.79
MinimumVisualStudioVersion = 10.0.40219.1
Project("{FAE04EC0-301F-11D3-BF4B-00C04F79EFBC}") = "Lib", "Lib.csproj", "{F40067DA-F765-415C-B7C7-DC8C1C4AC867}"
EndProject
Project("{FAE04EC0-301F-11D3-BF4B-00C04F79EFBC}") = "Tests", "..\Tests\Tests.csproj", "{130A49FA-4D51-4D4C-83FA-D4E9C2BF5605}"
EndProject
Global
	GlobalSection(SolutionConfigurationPlatforms) = preSolution
		Debug|Any CPU = Debug|Any CPU
		Release|Any CPU = Release|Any CPU
	EndGlobalSection
	GlobalSection(ProjectConfigurationPlatforms) = postSolution
		{F40067DA-F765-415C-B7C7-DC8C1C4AC867}.Debug|Any CPU.ActiveCfg = Debug|Any CPU
		{F40067DA-F765-415C-B7C7-DC8C1C4AC867}.Debug|Any CPU.Build.0 = Debug|Any CPU
		{F40067DA-F765-415C-B7C7-DC8C1C4AC867}.Release|Any CPU.ActiveCfg = Release|Any CPU
		{F40067DA-F765-415C-B7C7-DC8C1C4AC867}.Release|Any CPU.Build.0 = Release|Any CPU
		{130A49FA-4D51-4D4C-83FA-D4E9C2BF5605}.Debug|Any CPU.ActiveCfg = Debug|Any CPU
		{130A49FA-4D51-4D4C-83FA-D4E9C2BF5605}.Debug|Any CPU.Build.0 = Debug|Any CPU
		{130A49FA-4D51-4D4C-83FA-D4E9C2BF5605}.Release|Any CPU.ActiveCfg = Release|Any CPU
		{130A49FA-4D51-4D4C-83FA-D4E9C2BF5605}.Release|Any CPU.Build.0 = Release|Any CPU
	EndGlobalSection
	GlobalSection(SolutionProperties) = preSolution
		HideSolutionNode = FALSE
	EndGlobalSection
	GlobalSection(ExtensibilityGlobals) = postSolution
		SolutionGuid = {21BD6D4B-6D6D-4699-AF5E-AA9964AD422C}
	EndGlobalSection
EndGlobal
